# THIS IS AN AUTOGENERATED FILE. DO NOT EDIT THIS FILE DIRECTLY.
# yarn lockfile v1


pyright@^1.1.377:
  version "1.1.377"
  resolved "https://registry.npmjs.org/pyright/-/pyright-1.1.377.tgz"
  integrity sha512-y6ENYuyZXTczPnPWZnqx78pE+ZgyIotEas2M/LFRTq3EfbgVk84EcvuSKLIy2DJeDKjKDxVP/LVmDNHabljD3g==
  optionalDependencies:
    fsevents "~2.3.3"
